
Microsoft Visual Studio Solution File, Format Version 12.00
# Visual Studio Version 17
VisualStudioVersion = 17.9.34728.123
MinimumVisualStudioVersion = 10.0.40219.1
Project("{FAE04EC0-301F-11D3-BF4B-00C04F79EFBC}") = "학교 주소 추출", "학교 주소 추출\학교 주소 추출.csproj", "{176FE539-EF56-43B5-8B13-F71A04C5509D}"
EndProject
Global
	GlobalSection(SolutionConfigurationPlatforms) = preSolution
		Debug|Any CPU = Debug|Any CPU
		Release|Any CPU = Release|Any CPU
	EndGlobalSection
	GlobalSection(ProjectConfigurationPlatforms) = postSolution
		{176FE539-EF56-43B5-8B13-F71A04C5509D}.Debug|Any CPU.ActiveCfg = Debug|Any CPU
		{176FE539-EF56-43B5-8B13-F71A04C5509D}.Debug|Any CPU.Build.0 = Debug|Any CPU
		{176FE539-EF56-43B5-8B13-F71A04C5509D}.Release|Any CPU.ActiveCfg = Release|Any CPU
		{176FE539-EF56-43B5-8B13-F71A04C5509D}.Release|Any CPU.Build.0 = Release|Any CPU
	EndGlobalSection
	GlobalSection(SolutionProperties) = preSolution
		HideSolutionNode = FALSE
	EndGlobalSection
	GlobalSection(ExtensibilityGlobals) = postSolution
		SolutionGuid = {C3825172-BDEC-46DE-870D-B3B744C1AD40}
	EndGlobalSection
EndGlobal
